
Microsoft Visual Studio Solution File, Format Version 12.00
# Visual Studio 15
VisualStudioVersion = 15.0.27428.2043
MinimumVisualStudioVersion = 10.0.40219.1
Project("{9A19103F-16F7-4668-BE54-9A1E7A4F7556}") = "OdeToFood", "OdeToFood\OdeToFood.csproj", "{C2E37FA6-A6A8-4440-910C-252A54773B55}"
EndProject
Global
	GlobalSection(SolutionConfigurationPlatforms) = preSolution
		Debug|Any CPU = Debug|Any CPU
		Release|Any CPU = Release|Any CPU
	EndGlobalSection
	GlobalSection(ProjectConfigurationPlatforms) = postSolution
		{C2E37FA6-A6A8-4440-910C-252A54773B55}.Debug|Any CPU.ActiveCfg = Debug|Any CPU
		{C2E37FA6-A6A8-4440-910C-252A54773B55}.Debug|Any CPU.Build.0 = Debug|Any CPU
		{C2E37FA6-A6A8-4440-910C-252A54773B55}.Release|Any CPU.ActiveCfg = Release|Any CPU
		{C2E37FA6-A6A8-4440-910C-252A54773B55}.Release|Any CPU.Build.0 = Release|Any CPU
	EndGlobalSection
	GlobalSection(SolutionProperties) = preSolution
		HideSolutionNode = FALSE
	EndGlobalSection
	GlobalSection(ExtensibilityGlobals) = postSolution
		SolutionGuid = {D375EB85-9D4A-493A-84B4-0FB1633F966D}
	EndGlobalSection
EndGlobal
